
Microsoft Visual Studio Solution File, Format Version 12.00
# Visual Studio Version 16
VisualStudioVersion = 16.0.31515.178
MinimumVisualStudioVersion = 10.0.40219.1
Project("{FAE04EC0-301F-11D3-BF4B-00C04F79EFBC}") = "IGANG MED LØKKER", "IGANG MED LØKKER\IGANG MED LØKKER.csproj", "{884F847E-1900-4305-9A23-A697FBAFF2AF}"
EndProject
Global
	GlobalSection(SolutionConfigurationPlatforms) = preSolution
		Debug|Any CPU = Debug|Any CPU
		Release|Any CPU = Release|Any CPU
	EndGlobalSection
	GlobalSection(ProjectConfigurationPlatforms) = postSolution
		{884F847E-1900-4305-9A23-A697FBAFF2AF}.Debug|Any CPU.ActiveCfg = Debug|Any CPU
		{884F847E-1900-4305-9A23-A697FBAFF2AF}.Debug|Any CPU.Build.0 = Debug|Any CPU
		{884F847E-1900-4305-9A23-A697FBAFF2AF}.Release|Any CPU.ActiveCfg = Release|Any CPU
		{884F847E-1900-4305-9A23-A697FBAFF2AF}.Release|Any CPU.Build.0 = Release|Any CPU
	EndGlobalSection
	GlobalSection(SolutionProperties) = preSolution
		HideSolutionNode = FALSE
	EndGlobalSection
	GlobalSection(ExtensibilityGlobals) = postSolution
		SolutionGuid = {A3C716C9-00CD-4F62-8840-2212806A770F}
	EndGlobalSection
EndGlobal
